
Microsoft Visual Studio Solution File, Format Version 12.00
# Visual Studio Version 16
VisualStudioVersion = 16.0.31005.135
MinimumVisualStudioVersion = 10.0.40219.1
Project("{FAE04EC0-301F-11D3-BF4B-00C04F79EFBC}") = "RunGPU-Z", "RunGPU-Z\RunGPU-Z.csproj", "{FEABDD8A-25A7-4597-B3B0-2DDCEE0A150B}"
EndProject
Global
	GlobalSection(SolutionConfigurationPlatforms) = preSolution
		Debug|Any CPU = Debug|Any CPU
		Release|Any CPU = Release|Any CPU
	EndGlobalSection
	GlobalSection(ProjectConfigurationPlatforms) = postSolution
		{FEABDD8A-25A7-4597-B3B0-2DDCEE0A150B}.Debug|Any CPU.ActiveCfg = Debug|Any CPU
		{FEABDD8A-25A7-4597-B3B0-2DDCEE0A150B}.Debug|Any CPU.Build.0 = Debug|Any CPU
		{FEABDD8A-25A7-4597-B3B0-2DDCEE0A150B}.Release|Any CPU.ActiveCfg = Release|Any CPU
		{FEABDD8A-25A7-4597-B3B0-2DDCEE0A150B}.Release|Any CPU.Build.0 = Release|Any CPU
	EndGlobalSection
	GlobalSection(SolutionProperties) = preSolution
		HideSolutionNode = FALSE
	EndGlobalSection
	GlobalSection(ExtensibilityGlobals) = postSolution
		SolutionGuid = {D2762EAC-5A8E-46D3-BA78-2640E766782B}
	EndGlobalSection
EndGlobal
